
Microsoft Visual Studio Solution File, Format Version 12.00
# Visual Studio 15
VisualStudioVersion = 15.0.28307.852
MinimumVisualStudioVersion = 10.0.40219.1
Project("{FAE04EC0-301F-11D3-BF4B-00C04F79EFBC}") = "Lab3", "Lab3\Lab3.csproj", "{5FAF6A3A-7319-45C7-AE2F-C4D9FCC5FA6D}"
EndProject
Global
	GlobalSection(SolutionConfigurationPlatforms) = preSolution
		Debug|Any CPU = Debug|Any CPU
		Release|Any CPU = Release|Any CPU
	EndGlobalSection
	GlobalSection(ProjectConfigurationPlatforms) = postSolution
		{5FAF6A3A-7319-45C7-AE2F-C4D9FCC5FA6D}.Debug|Any CPU.ActiveCfg = Debug|Any CPU
		{5FAF6A3A-7319-45C7-AE2F-C4D9FCC5FA6D}.Debug|Any CPU.Build.0 = Debug|Any CPU
		{5FAF6A3A-7319-45C7-AE2F-C4D9FCC5FA6D}.Release|Any CPU.ActiveCfg = Release|Any CPU
		{5FAF6A3A-7319-45C7-AE2F-C4D9FCC5FA6D}.Release|Any CPU.Build.0 = Release|Any CPU
	EndGlobalSection
	GlobalSection(SolutionProperties) = preSolution
		HideSolutionNode = FALSE
	EndGlobalSection
	GlobalSection(ExtensibilityGlobals) = postSolution
		SolutionGuid = {F444278C-F659-4E87-B760-390E72C5169E}
	EndGlobalSection
EndGlobal
